schema: '2.0'
stages:
  train:
    cmd: python src/train.py
    deps:
    - path: data/train
      md5: 411c7cba090a0f4cdcac007c2b313162.dir
      size: 113096
      nfiles: 2
    - path: src/train.py
      md5: 9c3ce7f172e4b8301140550be13759c5
      size: 952
    params:
      params.yaml:
        data_location.test_data_location: data/test
        data_location.train_data_location: data/train
        train.min_split: 64
        train.n_estimators: 100
    outs:
    - path: data/test/y_pred_proba.npy
      md5: 84e5db08c2465464c76fde2a8f6f445b
      size: 1952
  evaluate:
    cmd: python src/evaluate.py
    deps:
    - path: data/test/y_pred_proba.npy
      md5: 84e5db08c2465464c76fde2a8f6f445b
      size: 1952
    - path: src/evaluate.py
      md5: f6c73eb0b51ec55d6193b042469d728c
      size: 1113
    params:
      params.yaml:
        data_location.test_data_location: data/test
    outs:
    - path: metrics.json
      md5: f6afd949caf7d8bb63910c28299709fd
      size: 73
    - path: prc.json
      md5: b3acc15d02086922ab0b4f5c7f36ebac
      size: 6521
  split_data:
    cmd: python src/split_data.py
    deps:
    - path: data/raw
      md5: 3e9c73dbcc77901bab5fe13350342ac1.dir
      size: 141368
      nfiles: 2
    - path: src/split_data.py
      md5: 4efb00b1e7b4b57211ff9d7baef3cdb9
      size: 1189
    params:
      params.yaml:
        data_location.raw_data_location: data/raw
        data_location.test_data_location: data/test
        data_location.train_data_location: data/train
        split_data.random_state: 20170428
        split_data.test_size: 0.2
    outs:
    - path: data/test/X_test.npy
      md5: 5199305f2ee0a34bd8f52beafd15a19b
      size: 27488
    - path: data/test/y_test.npy
      md5: fd42ff40ed51402bfa1a102e76ddf2aa
      size: 1040
    - path: data/train
      md5: 411c7cba090a0f4cdcac007c2b313162.dir
      size: 113096
      nfiles: 2
