schema: '2.0'
stages:
  train:
    cmd: python src/train.py --train_location=data/train --test_location=data/test
    deps:
    - path: data/train
      md5: acf39a4ef5ac5046d24971959f11c77b.dir
      size: 105904
      nfiles: 2
    - path: src/train.py
      md5: 55a2953a63a00c844a4c85514eb303e2
      size: 969
    outs:
    - path: data/test/y_pred_proba.npy
      md5: 3cc10c0396f55b1a2d61bbd409b62b48
      size: 2416
  evaluate:
    cmd: python src/evaluate.py --test_location=data/test
    deps:
    - path: data/test/y_pred_proba.npy
      md5: 3cc10c0396f55b1a2d61bbd409b62b48
      size: 2416
    - path: src/evaluate.py
      md5: 2273e309810a37479949a6c67d3c221a
      size: 1312
    outs:
    - path: metrics.json
      md5: 14b955a2512dfc2d763f1f39db24216b
      size: 73
    - path: prc.json
      md5: b93c757811866d319ce5b31a210ada18
      size: 1484
  split_data:
    cmd: python src/split_data.py --raw_data_location=data/raw --train_location=data/train
      --test_location=data/test
    deps:
    - path: data/raw
      md5: 3e9c73dbcc77901bab5fe13350342ac1.dir
      size: 141368
      nfiles: 2
    - path: src/split_data.py
      md5: 7ff96c4f725726b50a3533c3640bbccf
      size: 1254
    outs:
    - path: data/test/X_test.npy
      md5: 9a21870ef2214959f1c0c22f3f17049e
      size: 34448
    - path: data/test/y_test.npy
      md5: f9a827692acfc256e5df8d057c7f26b3
      size: 1272
    - path: data/train
      md5: acf39a4ef5ac5046d24971959f11c77b.dir
      size: 105904
      nfiles: 2
